
Microsoft Visual Studio Solution File, Format Version 12.00
# Visual Studio Version 16
VisualStudioVersion = 16.0.32228.343
MinimumVisualStudioVersion = 10.0.40219.1
Project("{FAE04EC0-301F-11D3-BF4B-00C04F79EFBC}") = "ApiVikas", "ApiVikas\ApiVikas.csproj", "{6986C14C-7F33-49CD-8BB2-2739EC7B55AF}"
EndProject
Global
	GlobalSection(SolutionConfigurationPlatforms) = preSolution
		Debug|Any CPU = Debug|Any CPU
		Release|Any CPU = Release|Any CPU
	EndGlobalSection
	GlobalSection(ProjectConfigurationPlatforms) = postSolution
		{6986C14C-7F33-49CD-8BB2-2739EC7B55AF}.Debug|Any CPU.ActiveCfg = Debug|Any CPU
		{6986C14C-7F33-49CD-8BB2-2739EC7B55AF}.Debug|Any CPU.Build.0 = Debug|Any CPU
		{6986C14C-7F33-49CD-8BB2-2739EC7B55AF}.Release|Any CPU.ActiveCfg = Release|Any CPU
		{6986C14C-7F33-49CD-8BB2-2739EC7B55AF}.Release|Any CPU.Build.0 = Release|Any CPU
	EndGlobalSection
	GlobalSection(SolutionProperties) = preSolution
		HideSolutionNode = FALSE
	EndGlobalSection
	GlobalSection(ExtensibilityGlobals) = postSolution
		SolutionGuid = {6F94BC2A-C32E-4915-9462-F632658AA45E}
	EndGlobalSection
EndGlobal
